
Microsoft Visual Studio Solution File, Format Version 12.00
# Visual Studio Version 17
VisualStudioVersion = 17.2.32630.192
MinimumVisualStudioVersion = 10.0.40219.1
Project("{FAE04EC0-301F-11D3-BF4B-00C04F79EFBC}") = "CalculationOfCableLinesRevit", "CalculationOfCableLinesRevit\CalculationOfCableLinesRevit.csproj", "{B1ADD3F8-A5D6-4E9B-A96C-503B305EE24A}"
EndProject
Project("{2150E333-8FDC-42A3-9474-1A3956D46DE8}") = "config", "config", "{527149A9-2206-4196-BF6E-5372152A6B8F}"
	ProjectSection(SolutionItems) = preProject
		.editorconfig = .editorconfig
	EndProjectSection
EndProject
Project("{2150E333-8FDC-42A3-9474-1A3956D46DE8}") = "Adding", "Adding", "{97EEEAB5-1577-417F-A081-1203D04FFCAE}"
	ProjectSection(SolutionItems) = preProject
		adding\BDCalculationCable2020.addin = adding\BDCalculationCable2020.addin
		adding\BDCalculationCable2021.addin = adding\BDCalculationCable2021.addin
		adding\BDCalculationCable2022.addin = adding\BDCalculationCable2022.addin
		adding\BDCalculationCable2023.addin = adding\BDCalculationCable2023.addin
	EndProjectSection
EndProject
Global
	GlobalSection(SolutionConfigurationPlatforms) = preSolution
		D2020|x64 = D2020|x64
		D2021|x64 = D2021|x64
		D2022|x64 = D2022|x64
		D2023|x64 = D2023|x64
		R2020|x64 = R2020|x64
		R2021|x64 = R2021|x64
		R2022|x64 = R2022|x64
		R2023|x64 = R2023|x64
	EndGlobalSection
	GlobalSection(ProjectConfigurationPlatforms) = postSolution
		{B1ADD3F8-A5D6-4E9B-A96C-503B305EE24A}.D2020|x64.ActiveCfg = D2020|x64
		{B1ADD3F8-A5D6-4E9B-A96C-503B305EE24A}.D2020|x64.Build.0 = D2020|x64
		{B1ADD3F8-A5D6-4E9B-A96C-503B305EE24A}.D2021|x64.ActiveCfg = D2021|x64
		{B1ADD3F8-A5D6-4E9B-A96C-503B305EE24A}.D2021|x64.Build.0 = D2021|x64
		{B1ADD3F8-A5D6-4E9B-A96C-503B305EE24A}.D2022|x64.ActiveCfg = D2022|x64
		{B1ADD3F8-A5D6-4E9B-A96C-503B305EE24A}.D2022|x64.Build.0 = D2022|x64
		{B1ADD3F8-A5D6-4E9B-A96C-503B305EE24A}.D2023|x64.ActiveCfg = D2023|x64
		{B1ADD3F8-A5D6-4E9B-A96C-503B305EE24A}.D2023|x64.Build.0 = D2023|x64
		{B1ADD3F8-A5D6-4E9B-A96C-503B305EE24A}.R2020|x64.ActiveCfg = R2020|x64
		{B1ADD3F8-A5D6-4E9B-A96C-503B305EE24A}.R2020|x64.Build.0 = R2020|x64
		{B1ADD3F8-A5D6-4E9B-A96C-503B305EE24A}.R2021|x64.ActiveCfg = R2021|x64
		{B1ADD3F8-A5D6-4E9B-A96C-503B305EE24A}.R2021|x64.Build.0 = R2021|x64
		{B1ADD3F8-A5D6-4E9B-A96C-503B305EE24A}.R2022|x64.ActiveCfg = R2022|x64
		{B1ADD3F8-A5D6-4E9B-A96C-503B305EE24A}.R2022|x64.Build.0 = R2022|x64
		{B1ADD3F8-A5D6-4E9B-A96C-503B305EE24A}.R2023|x64.ActiveCfg = R2023|x64
		{B1ADD3F8-A5D6-4E9B-A96C-503B305EE24A}.R2023|x64.Build.0 = R2023|x64
	EndGlobalSection
	GlobalSection(SolutionProperties) = preSolution
		HideSolutionNode = FALSE
	EndGlobalSection
	GlobalSection(ExtensibilityGlobals) = postSolution
		SolutionGuid = {C8EDF8B2-0C23-43BA-9DEE-752E5D964448}
	EndGlobalSection
EndGlobal
